// !$*UTF8*$!
{
	archiveVersion = 1;
	classes = {
	};
	objectVersion = 46;
	objects = {

/* Begin PBXBuildFile section */
		49477B8A1836D32C001D37AD /* Foundation.framework in Frameworks */ = {isa = PBXBuildFile; fileRef = 49477B891836D32C001D37AD /* Foundation.framework */; };
		49477B8C1836D32C001D37AD /* CoreGraphics.framework in Frameworks */ = {isa = PBXBuildFile; fileRef = 49477B8B1836D32C001D37AD /* CoreGraphics.framework */; };
		49477B8E1836D32C001D37AD /* UIKit.framework in Frameworks */ = {isa = PBXBuildFile; fileRef = 49477B8D1836D32C001D37AD /* UIKit.framework */; };
		49477B941836D32C001D37AD /* InfoPlist.strings in Resources */ = {isa = PBXBuildFile; fileRef = 49477B921836D32C001D37AD /* InfoPlist.strings */; };
		49477B961836D32C001D37AD /* main.m in Sources */ = {isa = PBXBuildFile; fileRef = 49477B951836D32C001D37AD /* main.m */; };
		49477B9A1836D32C001D37AD /* AppDelegate.m in Sources */ = {isa = PBXBuildFile; fileRef = 49477B991836D32C001D37AD /* AppDelegate.m */; };
		49477B9D1836D32C001D37AD /* Main.storyboard in Resources */ = {isa = PBXBuildFile; fileRef = 49477B9B1836D32C001D37AD /* Main.storyboard */; };
		49477BA01836D32C001D37AD /* ViewController.m in Sources */ = {isa = PBXBuildFile; fileRef = 49477B9F1836D32C001D37AD /* ViewController.m */; };
		49477BA21836D32C001D37AD /* Images.xcassets in Resources */ = {isa = PBXBuildFile; fileRef = 49477BA11836D32C001D37AD /* Images.xcassets */; };
		49477BA91836D32C001D37AD /* XCTest.framework in Frameworks */ = {isa = PBXBuildFile; fileRef = 49477BA81836D32C001D37AD /* XCTest.framework */; };
		49477BAA1836D32C001D37AD /* Foundation.framework in Frameworks */ = {isa = PBXBuildFile; fileRef = 49477B891836D32C001D37AD /* Foundation.framework */; };
		49477BAB1836D32C001D37AD /* UIKit.framework in Frameworks */ = {isa = PBXBuildFile; fileRef = 49477B8D1836D32C001D37AD /* UIKit.framework */; };
		49477BB31836D32C001D37AD /* InfoPlist.strings in Resources */ = {isa = PBXBuildFile; fileRef = 49477BB11836D32C001D37AD /* InfoPlist.strings */; };
		49477BB51836D32C001D37AD /* CollectionViewResizingTests.m in Sources */ = {isa = PBXBuildFile; fileRef = 49477BB41836D32C001D37AD /* CollectionViewResizingTests.m */; };
		49477BC01836D367001D37AD /* ResizableCell.m in Sources */ = {isa = PBXBuildFile; fileRef = 49477BBF1836D367001D37AD /* ResizableCell.m */; };
		49477BC21836D3A4001D37AD /* ResizableCell.xib in Resources */ = {isa = PBXBuildFile; fileRef = 49477BC11836D3A4001D37AD /* ResizableCell.xib */; };
		49477BC51836D511001D37AD /* LoremIpsum.m in Sources */ = {isa = PBXBuildFile; fileRef = 49477BC41836D511001D37AD /* LoremIpsum.m */; };
		49477BC81836F73A001D37AD /* ResizingTextView.m in Sources */ = {isa = PBXBuildFile; fileRef = 49477BC71836F73A001D37AD /* ResizingTextView.m */; };
/* End PBXBuildFile section */

/* Begin PBXContainerItemProxy section */
		49477BAC1836D32C001D37AD /* PBXContainerItemProxy */ = {
			isa = PBXContainerItemProxy;
			containerPortal = 49477B7E1836D32C001D37AD /* Project object */;
			proxyType = 1;
			remoteGlobalIDString = 49477B851836D32C001D37AD;
			remoteInfo = CollectionViewResizing;
		};
/* End PBXContainerItemProxy section */

/* Begin PBXFileReference section */
		49477B861836D32C001D37AD /* CollectionViewResizing.app */ = {isa = PBXFileReference; explicitFileType = wrapper.application; includeInIndex = 0; path = CollectionViewResizing.app; sourceTree = BUILT_PRODUCTS_DIR; };
		49477B891836D32C001D37AD /* Foundation.framework */ = {isa = PBXFileReference; lastKnownFileType = wrapper.framework; name = Foundation.framework; path = System/Library/Frameworks/Foundation.framework; sourceTree = SDKROOT; };
		49477B8B1836D32C001D37AD /* CoreGraphics.framework */ = {isa = PBXFileReference; lastKnownFileType = wrapper.framework; name = CoreGraphics.framework; path = System/Library/Frameworks/CoreGraphics.framework; sourceTree = SDKROOT; };
		49477B8D1836D32C001D37AD /* UIKit.framework */ = {isa = PBXFileReference; lastKnownFileType = wrapper.framework; name = UIKit.framework; path = System/Library/Frameworks/UIKit.framework; sourceTree = SDKROOT; };
		49477B911836D32C001D37AD /* CollectionViewResizing-Info.plist */ = {isa = PBXFileReference; lastKnownFileType = text.plist.xml; path = "CollectionViewResizing-Info.plist"; sourceTree = "<group>"; };
		49477B931836D32C001D37AD /* en */ = {isa = PBXFileReference; lastKnownFileType = text.plist.strings; name = en; path = en.lproj/InfoPlist.strings; sourceTree = "<group>"; };
		49477B951836D32C001D37AD /* main.m */ = {isa = PBXFileReference; lastKnownFileType = sourcecode.c.objc; path = main.m; sourceTree = "<group>"; };
		49477B971836D32C001D37AD /* CollectionViewResizing-Prefix.pch */ = {isa = PBXFileReference; lastKnownFileType = sourcecode.c.h; path = "CollectionViewResizing-Prefix.pch"; sourceTree = "<group>"; };
		49477B981836D32C001D37AD /* AppDelegate.h */ = {isa = PBXFileReference; lastKnownFileType = sourcecode.c.h; path = AppDelegate.h; sourceTree = "<group>"; };
		49477B991836D32C001D37AD /* AppDelegate.m */ = {isa = PBXFileReference; lastKnownFileType = sourcecode.c.objc; path = AppDelegate.m; sourceTree = "<group>"; };
		49477B9C1836D32C001D37AD /* Base */ = {isa = PBXFileReference; lastKnownFileType = file.storyboard; name = Base; path = Base.lproj/Main.storyboard; sourceTree = "<group>"; };
		49477B9E1836D32C001D37AD /* ViewController.h */ = {isa = PBXFileReference; lastKnownFileType = sourcecode.c.h; path = ViewController.h; sourceTree = "<group>"; };
		49477B9F1836D32C001D37AD /* ViewController.m */ = {isa = PBXFileReference; lastKnownFileType = sourcecode.c.objc; path = ViewController.m; sourceTree = "<group>"; };
		49477BA11836D32C001D37AD /* Images.xcassets */ = {isa = PBXFileReference; lastKnownFileType = folder.assetcatalog; path = Images.xcassets; sourceTree = "<group>"; };
		49477BA71836D32C001D37AD /* CollectionViewResizingTests.xctest */ = {isa = PBXFileReference; explicitFileType = wrapper.cfbundle; includeInIndex = 0; path = CollectionViewResizingTests.xctest; sourceTree = BUILT_PRODUCTS_DIR; };
		49477BA81836D32C001D37AD /* XCTest.framework */ = {isa = PBXFileReference; lastKnownFileType = wrapper.framework; name = XCTest.framework; path = Library/Frameworks/XCTest.framework; sourceTree = DEVELOPER_DIR; };
		49477BB01836D32C001D37AD /* CollectionViewResizingTests-Info.plist */ = {isa = PBXFileReference; lastKnownFileType = text.plist.xml; path = "CollectionViewResizingTests-Info.plist"; sourceTree = "<group>"; };
		49477BB21836D32C001D37AD /* en */ = {isa = PBXFileReference; lastKnownFileType = text.plist.strings; name = en; path = en.lproj/InfoPlist.strings; sourceTree = "<group>"; };
		49477BB41836D32C001D37AD /* CollectionViewResizingTests.m */ = {isa = PBXFileReference; lastKnownFileType = sourcecode.c.objc; path = CollectionViewResizingTests.m; sourceTree = "<group>"; };
		49477BBE1836D367001D37AD /* ResizableCell.h */ = {isa = PBXFileReference; fileEncoding = 4; lastKnownFileType = sourcecode.c.h; path = ResizableCell.h; sourceTree = "<group>"; };
		49477BBF1836D367001D37AD /* ResizableCell.m */ = {isa = PBXFileReference; fileEncoding = 4; lastKnownFileType = sourcecode.c.objc; path = ResizableCell.m; sourceTree = "<group>"; };
		49477BC11836D3A4001D37AD /* ResizableCell.xib */ = {isa = PBXFileReference; fileEncoding = 4; lastKnownFileType = file.xib; path = ResizableCell.xib; sourceTree = "<group>"; };
		49477BC31836D511001D37AD /* LoremIpsum.h */ = {isa = PBXFileReference; fileEncoding = 4; lastKnownFileType = sourcecode.c.h; name = LoremIpsum.h; path = ext/LoremIpsum/LoremIpsum.h; sourceTree = SOURCE_ROOT; };
		49477BC41836D511001D37AD /* LoremIpsum.m */ = {isa = PBXFileReference; fileEncoding = 4; lastKnownFileType = sourcecode.c.objc; name = LoremIpsum.m; path = ext/LoremIpsum/LoremIpsum.m; sourceTree = SOURCE_ROOT; };
		49477BC61836F73A001D37AD /* ResizingTextView.h */ = {isa = PBXFileReference; fileEncoding = 4; lastKnownFileType = sourcecode.c.h; path = ResizingTextView.h; sourceTree = "<group>"; };
		49477BC71836F73A001D37AD /* ResizingTextView.m */ = {isa = PBXFileReference; fileEncoding = 4; lastKnownFileType = sourcecode.c.objc; path = ResizingTextView.m; sourceTree = "<group>"; };
/* End PBXFileReference section */

/* Begin PBXFrameworksBuildPhase section */
		49477B831836D32C001D37AD /* Frameworks */ = {
			isa = PBXFrameworksBuildPhase;
			buildActionMask = 2147483647;
			files = (
				49477B8C1836D32C001D37AD /* CoreGraphics.framework in Frameworks */,
				49477B8E1836D32C001D37AD /* UIKit.framework in Frameworks */,
				49477B8A1836D32C001D37AD /* Foundation.framework in Frameworks */,
			);
			runOnlyForDeploymentPostprocessing = 0;
		};
		49477BA41836D32C001D37AD /* Frameworks */ = {
			isa = PBXFrameworksBuildPhase;
			buildActionMask = 2147483647;
			files = (
				49477BA91836D32C001D37AD /* XCTest.framework in Frameworks */,
				49477BAB1836D32C001D37AD /* UIKit.framework in Frameworks */,
				49477BAA1836D32C001D37AD /* Foundation.framework in Frameworks */,
			);
			runOnlyForDeploymentPostprocessing = 0;
		};
/* End PBXFrameworksBuildPhase section */

/* Begin PBXGroup section */
		49477B7D1836D32C001D37AD = {
			isa = PBXGroup;
			children = (
				49477B8F1836D32C001D37AD /* CollectionViewResizing */,
				49477BAE1836D32C001D37AD /* CollectionViewResizingTests */,
				49477B881836D32C001D37AD /* Frameworks */,
				49477B871836D32C001D37AD /* Products */,
			);
			sourceTree = "<group>";
		};
		49477B871836D32C001D37AD /* Products */ = {
			isa = PBXGroup;
			children = (
				49477B861836D32C001D37AD /* CollectionViewResizing.app */,
				49477BA71836D32C001D37AD /* CollectionViewResizingTests.xctest */,
			);
			name = Products;
			sourceTree = "<group>";
		};
		49477B881836D32C001D37AD /* Frameworks */ = {
			isa = PBXGroup;
			children = (
				49477B891836D32C001D37AD /* Foundation.framework */,
				49477B8B1836D32C001D37AD /* CoreGraphics.framework */,
				49477B8D1836D32C001D37AD /* UIKit.framework */,
				49477BA81836D32C001D37AD /* XCTest.framework */,
			);
			name = Frameworks;
			sourceTree = "<group>";
		};
		49477B8F1836D32C001D37AD /* CollectionViewResizing */ = {
			isa = PBXGroup;
			children = (
				49477B981836D32C001D37AD /* AppDelegate.h */,
				49477B991836D32C001D37AD /* AppDelegate.m */,
				49477B9B1836D32C001D37AD /* Main.storyboard */,
				49477B9E1836D32C001D37AD /* ViewController.h */,
				49477B9F1836D32C001D37AD /* ViewController.m */,
				49477BBE1836D367001D37AD /* ResizableCell.h */,
				49477BBF1836D367001D37AD /* ResizableCell.m */,
				49477BC11836D3A4001D37AD /* ResizableCell.xib */,
				49477BC31836D511001D37AD /* LoremIpsum.h */,
				49477BC41836D511001D37AD /* LoremIpsum.m */,
				49477BC61836F73A001D37AD /* ResizingTextView.h */,
				49477BC71836F73A001D37AD /* ResizingTextView.m */,
				49477BA11836D32C001D37AD /* Images.xcassets */,
				49477B901836D32C001D37AD /* Supporting Files */,
			);
			path = CollectionViewResizing;
			sourceTree = "<group>";
		};
		49477B901836D32C001D37AD /* Supporting Files */ = {
			isa = PBXGroup;
			children = (
				49477B911836D32C001D37AD /* CollectionViewResizing-Info.plist */,
				49477B921836D32C001D37AD /* InfoPlist.strings */,
				49477B951836D32C001D37AD /* main.m */,
				49477B971836D32C001D37AD /* CollectionViewResizing-Prefix.pch */,
			);
			name = "Supporting Files";
			sourceTree = "<group>";
		};
		49477BAE1836D32C001D37AD /* CollectionViewResizingTests */ = {
			isa = PBXGroup;
			children = (
				49477BB41836D32C001D37AD /* CollectionViewResizingTests.m */,
				49477BAF1836D32C001D37AD /* Supporting Files */,
			);
			path = CollectionViewResizingTests;
			sourceTree = "<group>";
		};
		49477BAF1836D32C001D37AD /* Supporting Files */ = {
			isa = PBXGroup;
			children = (
				49477BB01836D32C001D37AD /* CollectionViewResizingTests-Info.plist */,
				49477BB11836D32C001D37AD /* InfoPlist.strings */,
			);
			name = "Supporting Files";
			sourceTree = "<group>";
		};
/* End PBXGroup section */

/* Begin PBXNativeTarget section */
		49477B851836D32C001D37AD /* CollectionViewResizing */ = {
			isa = PBXNativeTarget;
			buildConfigurationList = 49477BB81836D32C001D37AD /* Build configuration list for PBXNativeTarget "CollectionViewResizing" */;
			buildPhases = (
				49477B821836D32C001D37AD /* Sources */,
				49477B831836D32C001D37AD /* Frameworks */,
				49477B841836D32C001D37AD /* Resources */,
			);
			buildRules = (
			);
			dependencies = (
			);
			name = CollectionViewResizing;
			productName = CollectionViewResizing;
			productReference = 49477B861836D32C001D37AD /* CollectionViewResizing.app */;
			productType = "com.apple.product-type.application";
		};
		49477BA61836D32C001D37AD /* CollectionViewResizingTests */ = {
			isa = PBXNativeTarget;
			buildConfigurationList = 49477BBB1836D32C001D37AD /* Build configuration list for PBXNativeTarget "CollectionViewResizingTests" */;
			buildPhases = (
				49477BA31836D32C001D37AD /* Sources */,
				49477BA41836D32C001D37AD /* Frameworks */,
				49477BA51836D32C001D37AD /* Resources */,
			);
			buildRules = (
			);
			dependencies = (
				49477BAD1836D32C001D37AD /* PBXTargetDependency */,
			);
			name = CollectionViewResizingTests;
			productName = CollectionViewResizingTests;
			productReference = 49477BA71836D32C001D37AD /* CollectionViewResizingTests.xctest */;
			productType = "com.apple.product-type.bundle.unit-test";
		};
/* End PBXNativeTarget section */

/* Begin PBXProject section */
		49477B7E1836D32C001D37AD /* Project object */ = {
			isa = PBXProject;
			attributes = {
				LastUpgradeCheck = 0500;
				ORGANIZATIONNAME = "Andrew Wooster";
				TargetAttributes = {
					49477BA61836D32C001D37AD = {
						TestTargetID = 49477B851836D32C001D37AD;
					};
				};
			};
			buildConfigurationList = 49477B811836D32C001D37AD /* Build configuration list for PBXProject "CollectionViewResizing" */;
			compatibilityVersion = "Xcode 3.2";
			developmentRegion = English;
			hasScannedForEncodings = 0;
			knownRegions = (
				en,
				Base,
			);
			mainGroup = 49477B7D1836D32C001D37AD;
			productRefGroup = 49477B871836D32C001D37AD /* Products */;
			projectDirPath = "";
			projectRoot = "";
			targets = (
				49477B851836D32C001D37AD /* CollectionViewResizing */,
				49477BA61836D32C001D37AD /* CollectionViewResizingTests */,
			);
		};
/* End PBXProject section */

/* Begin PBXResourcesBuildPhase section */
		49477B841836D32C001D37AD /* Resources */ = {
			isa = PBXResourcesBuildPhase;
			buildActionMask = 2147483647;
			files = (
				49477BA21836D32C001D37AD /* Images.xcassets in Resources */,
				49477B941836D32C001D37AD /* InfoPlist.strings in Resources */,
				49477B9D1836D32C001D37AD /* Main.storyboard in Resources */,
				49477BC21836D3A4001D37AD /* ResizableCell.xib in Resources */,
			);
			runOnlyForDeploymentPostprocessing = 0;
		};
		49477BA51836D32C001D37AD /* Resources */ = {
			isa = PBXResourcesBuildPhase;
			buildActionMask = 2147483647;
			files = (
				49477BB31836D32C001D37AD /* InfoPlist.strings in Resources */,
			);
			runOnlyForDeploymentPostprocessing = 0;
		};
/* End PBXResourcesBuildPhase section */

/* Begin PBXSourcesBuildPhase section */
		49477B821836D32C001D37AD /* Sources */ = {
			isa = PBXSourcesBuildPhase;
			buildActionMask = 2147483647;
			files = (
				49477BA01836D32C001D37AD /* ViewController.m in Sources */,
				49477BC51836D511001D37AD /* LoremIpsum.m in Sources */,
				49477B9A1836D32C001D37AD /* AppDelegate.m in Sources */,
				49477B961836D32C001D37AD /* main.m in Sources */,
				49477BC81836F73A001D37AD /* ResizingTextView.m in Sources */,
				49477BC01836D367001D37AD /* ResizableCell.m in Sources */,
			);
			runOnlyForDeploymentPostprocessing = 0;
		};
		49477BA31836D32C001D37AD /* Sources */ = {
			isa = PBXSourcesBuildPhase;
			buildActionMask = 2147483647;
			files = (
				49477BB51836D32C001D37AD /* CollectionViewResizingTests.m in Sources */,
			);
			runOnlyForDeploymentPostprocessing = 0;
		};
/* End PBXSourcesBuildPhase section */

/* Begin PBXTargetDependency section */
		49477BAD1836D32C001D37AD /* PBXTargetDependency */ = {
			isa = PBXTargetDependency;
			target = 49477B851836D32C001D37AD /* CollectionViewResizing */;
			targetProxy = 49477BAC1836D32C001D37AD /* PBXContainerItemProxy */;
		};
/* End PBXTargetDependency section */

/* Begin PBXVariantGroup section */
		49477B921836D32C001D37AD /* InfoPlist.strings */ = {
			isa = PBXVariantGroup;
			children = (
				49477B931836D32C001D37AD /* en */,
			);
			name = InfoPlist.strings;
			sourceTree = "<group>";
		};
		49477B9B1836D32C001D37AD /* Main.storyboard */ = {
			isa = PBXVariantGroup;
			children = (
				49477B9C1836D32C001D37AD /* Base */,
			);
			name = Main.storyboard;
			sourceTree = "<group>";
		};
		49477BB11836D32C001D37AD /* InfoPlist.strings */ = {
			isa = PBXVariantGroup;
			children = (
				49477BB21836D32C001D37AD /* en */,
			);
			name = InfoPlist.strings;
			sourceTree = "<group>";
		};
/* End PBXVariantGroup section */

/* Begin XCBuildConfiguration section */
		49477BB61836D32C001D37AD /* Debug */ = {
			isa = XCBuildConfiguration;
			buildSettings = {
				ALWAYS_SEARCH_USER_PATHS = NO;
				ARCHS = "$(ARCHS_STANDARD_INCLUDING_64_BIT)";
				CLANG_CXX_LANGUAGE_STANDARD = "gnu++0x";
				CLANG_CXX_LIBRARY = "libc++";
				CLANG_ENABLE_MODULES = YES;
				CLANG_ENABLE_OBJC_ARC = YES;
				CLANG_WARN_BOOL_CONVERSION = YES;
				CLANG_WARN_CONSTANT_CONVERSION = YES;
				CLANG_WARN_DIRECT_OBJC_ISA_USAGE = YES_ERROR;
				CLANG_WARN_EMPTY_BODY = YES;
				CLANG_WARN_ENUM_CONVERSION = YES;
				CLANG_WARN_INT_CONVERSION = YES;
				CLANG_WARN_OBJC_ROOT_CLASS = YES_ERROR;
				CLANG_WARN__DUPLICATE_METHOD_MATCH = YES;
				"CODE_SIGN_IDENTITY[sdk=iphoneos*]" = "iPhone Developer";
				COPY_PHASE_STRIP = NO;
				GCC_C_LANGUAGE_STANDARD = gnu99;
				GCC_DYNAMIC_NO_PIC = NO;
				GCC_OPTIMIZATION_LEVEL = 0;
				GCC_PREPROCESSOR_DEFINITIONS = (
					"DEBUG=1",
					"$(inherited)",
				);
				GCC_SYMBOLS_PRIVATE_EXTERN = NO;
				GCC_WARN_64_TO_32_BIT_CONVERSION = YES;
				GCC_WARN_ABOUT_RETURN_TYPE = YES_ERROR;
				GCC_WARN_UNDECLARED_SELECTOR = YES;
				GCC_WARN_UNINITIALIZED_AUTOS = YES;
				GCC_WARN_UNUSED_FUNCTION = YES;
				GCC_WARN_UNUSED_VARIABLE = YES;
				IPHONEOS_DEPLOYMENT_TARGET = 7.0;
				ONLY_ACTIVE_ARCH = YES;
				SDKROOT = iphoneos;
			};
			name = Debug;
		};
		49477BB71836D32C001D37AD /* Release */ = {
			isa = XCBuildConfiguration;
			buildSettings = {
				ALWAYS_SEARCH_USER_PATHS = NO;
				ARCHS = "$(ARCHS_STANDARD_INCLUDING_64_BIT)";
				CLANG_CXX_LANGUAGE_STANDARD = "gnu++0x";
				CLANG_CXX_LIBRARY = "libc++";
				CLANG_ENABLE_MODULES = YES;
				CLANG_ENABLE_OBJC_ARC = YES;
				CLANG_WARN_BOOL_CONVERSION = YES;
				CLANG_WARN_CONSTANT_CONVERSION = YES;
				CLANG_WARN_DIRECT_OBJC_ISA_USAGE = YES_ERROR;
				CLANG_WARN_EMPTY_BODY = YES;
				CLANG_WARN_ENUM_CONVERSION = YES;
				CLANG_WARN_INT_CONVERSION = YES;
				CLANG_WARN_OBJC_ROOT_CLASS = YES_ERROR;
				CLANG_WARN__DUPLICATE_METHOD_MATCH = YES;
				"CODE_SIGN_IDENTITY[sdk=iphoneos*]" = "iPhone Developer";
				COPY_PHASE_STRIP = YES;
				ENABLE_NS_ASSERTIONS = NO;
				GCC_C_LANGUAGE_STANDARD = gnu99;
				GCC_WARN_64_TO_32_BIT_CONVERSION = YES;
				GCC_WARN_ABOUT_RETURN_TYPE = YES_ERROR;
				GCC_WARN_UNDECLARED_SELECTOR = YES;
				GCC_WARN_UNINITIALIZED_AUTOS = YES;
				GCC_WARN_UNUSED_FUNCTION = YES;
				GCC_WARN_UNUSED_VARIABLE = YES;
				IPHONEOS_DEPLOYMENT_TARGET = 7.0;
				SDKROOT = iphoneos;
				VALIDATE_PRODUCT = YES;
			};
			name = Release;
		};
		49477BB91836D32C001D37AD /* Debug */ = {
			isa = XCBuildConfiguration;
			buildSettings = {
				ASSETCATALOG_COMPILER_APPICON_NAME = AppIcon;
				ASSETCATALOG_COMPILER_LAUNCHIMAGE_NAME = LaunchImage;
				GCC_PRECOMPILE_PREFIX_HEADER = YES;
				GCC_PREFIX_HEADER = "CollectionViewResizing/CollectionViewResizing-Prefix.pch";
				INFOPLIST_FILE = "CollectionViewResizing/CollectionViewResizing-Info.plist";
				PRODUCT_NAME = "$(TARGET_NAME)";
				WRAPPER_EXTENSION = app;
			};
			name = Debug;
		};
		49477BBA1836D32C001D37AD /* Release */ = {
			isa = XCBuildConfiguration;
			buildSettings = {
				ASSETCATALOG_COMPILER_APPICON_NAME = AppIcon;
				ASSETCATALOG_COMPILER_LAUNCHIMAGE_NAME = LaunchImage;
				GCC_PRECOMPILE_PREFIX_HEADER = YES;
				GCC_PREFIX_HEADER = "CollectionViewResizing/CollectionViewResizing-Prefix.pch";
				INFOPLIST_FILE = "CollectionViewResizing/CollectionViewResizing-Info.plist";
				PRODUCT_NAME = "$(TARGET_NAME)";
				WRAPPER_EXTENSION = app;
			};
			name = Release;
		};
		49477BBC1836D32C001D37AD /* Debug */ = {
			isa = XCBuildConfiguration;
			buildSettings = {
				ARCHS = "$(ARCHS_STANDARD_INCLUDING_64_BIT)";
				BUNDLE_LOADER = "$(BUILT_PRODUCTS_DIR)/CollectionViewResizing.app/CollectionViewResizing";
				FRAMEWORK_SEARCH_PATHS = (
					"$(SDKROOT)/Developer/Library/Frameworks",
					"$(inherited)",
					"$(DEVELOPER_FRAMEWORKS_DIR)",
				);
				GCC_PRECOMPILE_PREFIX_HEADER = YES;
				GCC_PREFIX_HEADER = "CollectionViewResizing/CollectionViewResizing-Prefix.pch";
				GCC_PREPROCESSOR_DEFINITIONS = (
					"DEBUG=1",
					"$(inherited)",
				);
				INFOPLIST_FILE = "CollectionViewResizingTests/CollectionViewResizingTests-Info.plist";
				PRODUCT_NAME = "$(TARGET_NAME)";
				TEST_HOST = "$(BUNDLE_LOADER)";
				WRAPPER_EXTENSION = xctest;
			};
			name = Debug;
		};
		49477BBD1836D32C001D37AD /* Release */ = {
			isa = XCBuildConfiguration;
			buildSettings = {
				ARCHS = "$(ARCHS_STANDARD_INCLUDING_64_BIT)";
				BUNDLE_LOADER = "$(BUILT_PRODUCTS_DIR)/CollectionViewResizing.app/CollectionViewResizing";
				FRAMEWORK_SEARCH_PATHS = (
					"$(SDKROOT)/Developer/Library/Frameworks",
					"$(inherited)",
					"$(DEVELOPER_FRAMEWORKS_DIR)",
				);
				GCC_PRECOMPILE_PREFIX_HEADER = YES;
				GCC_PREFIX_HEADER = "CollectionViewResizing/CollectionViewResizing-Prefix.pch";
				INFOPLIST_FILE = "CollectionViewResizingTests/CollectionViewResizingTests-Info.plist";
				PRODUCT_NAME = "$(TARGET_NAME)";
				TEST_HOST = "$(BUNDLE_LOADER)";
				WRAPPER_EXTENSION = xctest;
			};
			name = Release;
		};
/* End XCBuildConfiguration section */

/* Begin XCConfigurationList section */
		49477B811836D32C001D37AD /* Build configuration list for PBXProject "CollectionViewResizing" */ = {
			isa = XCConfigurationList;
			buildConfigurations = (
				49477BB61836D32C001D37AD /* Debug */,
				49477BB71836D32C001D37AD /* Release */,
			);
			defaultConfigurationIsVisible = 0;
			defaultConfigurationName = Release;
		};
		49477BB81836D32C001D37AD /* Build configuration list for PBXNativeTarget "CollectionViewResizing" */ = {
			isa = XCConfigurationList;
			buildConfigurations = (
				49477BB91836D32C001D37AD /* Debug */,
				49477BBA1836D32C001D37AD /* Release */,
			);
			defaultConfigurationIsVisible = 0;
		};
		49477BBB1836D32C001D37AD /* Build configuration list for PBXNativeTarget "CollectionViewResizingTests" */ = {
			isa = XCConfigurationList;
			buildConfigurations = (
				49477BBC1836D32C001D37AD /* Debug */,
				49477BBD1836D32C001D37AD /* Release */,
			);
			defaultConfigurationIsVisible = 0;
		};
/* End XCConfigurationList section */
	};
	rootObject = 49477B7E1836D32C001D37AD /* Project object */;
}
